
Microsoft Visual Studio Solution File, Format Version 12.00
# Visual Studio Version 16
VisualStudioVersion = 16.0.34031.81
MinimumVisualStudioVersion = 10.0.40219.1
Project("{FAE04EC0-301F-11D3-BF4B-00C04F79EFBC}") = "Lab01", "Lab01\Lab01.csproj", "{C579BCA6-33A9-432B-B65B-177E54A0733D}"
EndProject
Global
	GlobalSection(SolutionConfigurationPlatforms) = preSolution
		Debug|Any CPU = Debug|Any CPU
		Release|Any CPU = Release|Any CPU
	EndGlobalSection
	GlobalSection(ProjectConfigurationPlatforms) = postSolution
		{C579BCA6-33A9-432B-B65B-177E54A0733D}.Debug|Any CPU.ActiveCfg = Debug|Any CPU
		{C579BCA6-33A9-432B-B65B-177E54A0733D}.Debug|Any CPU.Build.0 = Debug|Any CPU
		{C579BCA6-33A9-432B-B65B-177E54A0733D}.Release|Any CPU.ActiveCfg = Release|Any CPU
		{C579BCA6-33A9-432B-B65B-177E54A0733D}.Release|Any CPU.Build.0 = Release|Any CPU
	EndGlobalSection
	GlobalSection(SolutionProperties) = preSolution
		HideSolutionNode = FALSE
	EndGlobalSection
	GlobalSection(ExtensibilityGlobals) = postSolution
		SolutionGuid = {4F9E5E4B-E280-444B-A6A9-8CE2D4CAE8A9}
	EndGlobalSection
EndGlobal
